
Microsoft Visual Studio Solution File, Format Version 12.00
# Visual Studio Version 17
VisualStudioVersion = 17.4.33205.214
MinimumVisualStudioVersion = 10.0.40219.1
Project("{FAE04EC0-301F-11D3-BF4B-00C04F79EFBC}") = "DieRoller", "DieRoller\DieRoller.csproj", "{B1C53CCE-2A36-498E-AB87-390ED9372831}"
EndProject
Global
	GlobalSection(SolutionConfigurationPlatforms) = preSolution
		Debug|Any CPU = Debug|Any CPU
		Release|Any CPU = Release|Any CPU
	EndGlobalSection
	GlobalSection(ProjectConfigurationPlatforms) = postSolution
		{B1C53CCE-2A36-498E-AB87-390ED9372831}.Debug|Any CPU.ActiveCfg = Debug|Any CPU
		{B1C53CCE-2A36-498E-AB87-390ED9372831}.Debug|Any CPU.Build.0 = Debug|Any CPU
		{B1C53CCE-2A36-498E-AB87-390ED9372831}.Release|Any CPU.ActiveCfg = Release|Any CPU
		{B1C53CCE-2A36-498E-AB87-390ED9372831}.Release|Any CPU.Build.0 = Release|Any CPU
	EndGlobalSection
	GlobalSection(SolutionProperties) = preSolution
		HideSolutionNode = FALSE
	EndGlobalSection
	GlobalSection(ExtensibilityGlobals) = postSolution
		SolutionGuid = {D65FB30E-3221-4D69-B63B-8E566D58DBA0}
	EndGlobalSection
EndGlobal
